
Microsoft Visual Studio Solution File, Format Version 12.00
# Visual Studio Version 17
VisualStudioVersion = 17.3.32819.101
MinimumVisualStudioVersion = 10.0.40219.1
Project("{8BC9CEB8-8B4A-11D0-8D11-00A0C91BC942}") = "Balance_Bracket", "Balance_Bracket.vcxproj", "{AC2A809D-C72C-456A-AD09-2DC8318A56DF}"
EndProject
Global
	GlobalSection(SolutionConfigurationPlatforms) = preSolution
		Debug|x64 = Debug|x64
		Debug|x86 = Debug|x86
		Release|x64 = Release|x64
		Release|x86 = Release|x86
	EndGlobalSection
	GlobalSection(ProjectConfigurationPlatforms) = postSolution
		{AC2A809D-C72C-456A-AD09-2DC8318A56DF}.Debug|x64.ActiveCfg = Debug|x64
		{AC2A809D-C72C-456A-AD09-2DC8318A56DF}.Debug|x64.Build.0 = Debug|x64
		{AC2A809D-C72C-456A-AD09-2DC8318A56DF}.Debug|x86.ActiveCfg = Debug|Win32
		{AC2A809D-C72C-456A-AD09-2DC8318A56DF}.Debug|x86.Build.0 = Debug|Win32
		{AC2A809D-C72C-456A-AD09-2DC8318A56DF}.Release|x64.ActiveCfg = Release|x64
		{AC2A809D-C72C-456A-AD09-2DC8318A56DF}.Release|x64.Build.0 = Release|x64
		{AC2A809D-C72C-456A-AD09-2DC8318A56DF}.Release|x86.ActiveCfg = Release|Win32
		{AC2A809D-C72C-456A-AD09-2DC8318A56DF}.Release|x86.Build.0 = Release|Win32
	EndGlobalSection
	GlobalSection(SolutionProperties) = preSolution
		HideSolutionNode = FALSE
	EndGlobalSection
	GlobalSection(ExtensibilityGlobals) = postSolution
		SolutionGuid = {4E03B3DF-2AA2-4F52-B06F-246E2FAA7A19}
	EndGlobalSection
EndGlobal
